<?xml version="1.0" encoding="utf-8"?>
<Project ToolsVersion="18.0" xmlns="http://schemas.microsoft.com/developer/msbuild/2003">
  <ItemGroup>
    <ClCompile Include="C:\NELSON\AD_Proj\phonebridge\windows\service\main.cpp">
      <Filter>Source Files</Filter>
    </ClCompile>
    <ClCompile Include="C:\NELSON\AD_Proj\phonebridge\windows\service\transport\adb_transport.cpp">
      <Filter>Source Files</Filter>
    </ClCompile>
    <ClCompile Include="C:\NELSON\AD_Proj\phonebridge\windows\service\connection\connection_manager.cpp">
      <Filter>Source Files</Filter>
    </ClCompile>
    <ClCompile Include="C:\NELSON\AD_Proj\phonebridge\windows\service\diagnostics\logger.cpp">
      <Filter>Source Files</Filter>
    </ClCompile>
    <ClCompile Include="C:\NELSON\AD_Proj\phonebridge\windows\service\audio\audio_receiver.cpp">
      <Filter>Source Files</Filter>
    </ClCompile>
    <ClCompile Include="C:\NELSON\AD_Proj\phonebridge\windows\service\audio\audio_ipc.cpp">
      <Filter>Source Files</Filter>
    </ClCompile>
    <ClCompile Include="C:\NELSON\AD_Proj\phonebridge\windows\service\video\video_receiver.cpp">
      <Filter>Source Files</Filter>
    </ClCompile>
    <ClCompile Include="C:\NELSON\AD_Proj\phonebridge\windows\service\video\h264_decoder.cpp">
      <Filter>Source Files</Filter>
    </ClCompile>
    <ClCompile Include="C:\NELSON\AD_Proj\phonebridge\protocol\packet_parser.cpp">
      <Filter>Source Files</Filter>
    </ClCompile>
    <ClCompile Include="C:\NELSON\AD_Proj\phonebridge\windows\virtual-camera\virtual_camera.cpp">
      <Filter>Source Files</Filter>
    </ClCompile>
    <ClCompile Include="C:\NELSON\AD_Proj\phonebridge\windows\audio-driver\audio_endpoint.cpp">
      <Filter>Source Files</Filter>
    </ClCompile>
  </ItemGroup>
  <ItemGroup>
    <CustomBuild Include="C:\NELSON\AD_Proj\phonebridge\windows\CMakeLists.txt" />
  </ItemGroup>
  <ItemGroup>
    <Filter Include="Source Files">
      <UniqueIdentifier>{7AB5478A-9EB1-393C-BEB5-BE6069C28F62}</UniqueIdentifier>
    </Filter>
  </ItemGroup>
</Project>
