<?xml version="1.0" encoding="utf-8"?>
<Project ToolsVersion="18.0" xmlns="http://schemas.microsoft.com/developer/msbuild/2003">
  <ItemGroup>
    <CustomBuild Include="C:\NELSON\AD_Proj\phonebridge\windows\build\CMakeFiles\268a340654832f051382bfb026712e81\generate.stamp.rule">
      <Filter>CMake Rules</Filter>
    </CustomBuild>
  </ItemGroup>
  <ItemGroup>
    <Filter Include="CMake Rules">
      <UniqueIdentifier>{8F81B490-44B9-3E17-B938-46C6EB38DE76}</UniqueIdentifier>
    </Filter>
  </ItemGroup>
</Project>
